PODS:
  - CDTDatastore (0.17.1):
    - CDTDatastore/standard (= 0.17.1)
  - CDTDatastore/common-dependencies (0.17.1):
    - CDTDatastore/no-arc
    - CocoaLumberjack (~> 2.0)
  - CDTDatastore/no-arc (0.17.1)
  - CDTDatastore/standard (0.17.1):
    - CDTDatastore/common-dependencies
    - FMDB (= 2.3)
  - CloudantToolkit (1.1.0):
    - CloudantToolkit/standard (= 1.1.0)
  - CloudantToolkit/standard (1.1.0):
    - CDTDatastore (~> 0.17.1)
  - CocoaLumberjack (2.0.1):
    - CocoaLumberjack/Default (= 2.0.1)
    - CocoaLumberjack/Extensions (= 2.0.1)
  - CocoaLumberjack/Core (2.0.1)
  - CocoaLumberjack/Default (2.0.1):
    - CocoaLumberjack/Core
  - CocoaLumberjack/Extensions (2.0.1):
    - CocoaLumberjack/Default
  - FMDB (2.3):
    - FMDB/standard (= 2.3)
  - FMDB/common (2.3)
  - FMDB/standard (2.3):
    - FMDB/common
  - IMFCore (1.0.0)
  - IMFData (1.1.0):
    - IMFData/standard (= 1.1.0)
  - IMFData/standard (1.1.0):
    - CloudantToolkit (~> 1.1.0)
    - IMFCore (~> 1.0.0)
  - IMFPush (1.0.0):
    - IMFCore (~> 1.0.0)
  - IMFURLProtocol (1.0.0):
    - IMFCore (~> 1.0.0)
  - OrigamiEngine (1.0.14):
    - OrigamiEngine/Core (= 1.0.14)
  - OrigamiEngine/Core (1.0.14)
  - OrigamiEngine/Flac (1.0.14):
    - OrigamiEngine/Core
  - TesseractOCRiOS (4.0.0)

DEPENDENCIES:
  - IMFCore
  - IMFData
  - IMFPush
  - IMFURLProtocol
  - OrigamiEngine
  - OrigamiEngine/Flac
  - TesseractOCRiOS (= 4.0.0)

SPEC CHECKSUMS:
  CDTDatastore: c582d27858fb7aef18e23c6b3cfa5c7c187c439f
  CloudantToolkit: 255cc6a3702e31400f150524613f85e93d73fdbb
  CocoaLumberjack: 019d1361244274a6138c788c6cb80baabc13fb8f
  FMDB: 773d79bb74226959b7e2286b1d6e0bd857c88915
  IMFCore: 658ca8f27f1dade28abe6dcb263969d382a71da7
  IMFData: 8f6c4f732edf2daf04326fb354604323f496e372
  IMFPush: 40412a5cc2b4cd9e6db9034d58d0eaa16f0d0f58
  IMFURLProtocol: fd2897e8208aa24a03197fa6465e44ab346707f4
  OrigamiEngine: 74b097326260597f1498790795cc2cdd604c199a
  TesseractOCRiOS: 90638afbe43d082433f2e76b384c7901d23956df

COCOAPODS: 0.37.2
